// !$*UTF8*$!
{
	archiveVersion = 1;
	classes = {
	};
	objectVersion = 50;
	objects = {

/* Begin PBXBuildFile section */
		D133775A258DE43B005BF92F /* AppDelegate.swift in Sources */ = {isa = PBXBuildFile; fileRef = D1337759258DE43B005BF92F /* AppDelegate.swift */; };
		D133775C258DE43B005BF92F /* SceneDelegate.swift in Sources */ = {isa = PBXBuildFile; fileRef = D133775B258DE43B005BF92F /* SceneDelegate.swift */; };
		D133775E258DE43B005BF92F /* ViewController.swift in Sources */ = {isa = PBXBuildFile; fileRef = D133775D258DE43B005BF92F /* ViewController.swift */; };
		D1337761258DE43B005BF92F /* Main.storyboard in Resources */ = {isa = PBXBuildFile; fileRef = D133775F258DE43B005BF92F /* Main.storyboard */; };
		D1337763258DE440005BF92F /* Assets.xcassets in Resources */ = {isa = PBXBuildFile; fileRef = D1337762258DE440005BF92F /* Assets.xcassets */; };
		D1337766258DE440005BF92F /* LaunchScreen.storyboard in Resources */ = {isa = PBXBuildFile; fileRef = D1337764258DE440005BF92F /* LaunchScreen.storyboard */; };
/* End PBXBuildFile section */

/* Begin PBXFileReference section */
		D1337756258DE43B005BF92F /* ProtocolOrientedProgramming.app */ = {isa = PBXFileReference; explicitFileType = wrapper.application; includeInIndex = 0; path = ProtocolOrientedProgramming.app; sourceTree = BUILT_PRODUCTS_DIR; };
		D1337759258DE43B005BF92F /* AppDelegate.swift */ = {isa = PBXFileReference; lastKnownFileType = sourcecode.swift; path = AppDelegate.swift; sourceTree = "<group>"; };
		D133775B258DE43B005BF92F /* SceneDelegate.swift */ = {isa = PBXFileReference; lastKnownFileType = sourcecode.swift; path = SceneDelegate.swift; sourceTree = "<group>"; };
		D133775D258DE43B005BF92F /* ViewController.swift */ = {isa = PBXFileReference; lastKnownFileType = sourcecode.swift; path = ViewController.swift; sourceTree = "<group>"; };
		D1337760258DE43B005BF92F /* Base */ = {isa = PBXFileReference; lastKnownFileType = file.storyboard; name = Base; path = Base.lproj/Main.storyboard; sourceTree = "<group>"; };
		D1337762258DE440005BF92F /* Assets.xcassets */ = {isa = PBXFileReference; lastKnownFileType = folder.assetcatalog; path = Assets.xcassets; sourceTree = "<group>"; };
		D1337765258DE440005BF92F /* Base */ = {isa = PBXFileReference; lastKnownFileType = file.storyboard; name = Base; path = Base.lproj/LaunchScreen.storyboard; sourceTree = "<group>"; };
		D1337767258DE440005BF92F /* Info.plist */ = {isa = PBXFileReference; lastKnownFileType = text.plist.xml; path = Info.plist; sourceTree = "<group>"; };
/* End PBXFileReference section */

/* Begin PBXFrameworksBuildPhase section */
		D1337753258DE43B005BF92F /* Frameworks */ = {
			isa = PBXFrameworksBuildPhase;
			buildActionMask = 2147483647;
			files = (
			);
			runOnlyForDeploymentPostprocessing = 0;
		};
/* End PBXFrameworksBuildPhase section */

/* Begin PBXGroup section */
		D133774D258DE43B005BF92F = {
			isa = PBXGroup;
			children = (
				D1337758258DE43B005BF92F /* ProtocolOrientedProgramming */,
				D1337757258DE43B005BF92F /* Products */,
			);
			sourceTree = "<group>";
		};
		D1337757258DE43B005BF92F /* Products */ = {
			isa = PBXGroup;
			children = (
				D1337756258DE43B005BF92F /* ProtocolOrientedProgramming.app */,
			);
			name = Products;
			sourceTree = "<group>";
		};
		D1337758258DE43B005BF92F /* ProtocolOrientedProgramming */ = {
			isa = PBXGroup;
			children = (
				D1337759258DE43B005BF92F /* AppDelegate.swift */,
				D133775B258DE43B005BF92F /* SceneDelegate.swift */,
				D133775D258DE43B005BF92F /* ViewController.swift */,
				D133775F258DE43B005BF92F /* Main.storyboard */,
				D1337762258DE440005BF92F /* Assets.xcassets */,
				D1337764258DE440005BF92F /* LaunchScreen.storyboard */,
				D1337767258DE440005BF92F /* Info.plist */,
			);
			path = ProtocolOrientedProgramming;
			sourceTree = "<group>";
		};
/* End PBXGroup section */

/* Begin PBXNativeTarget section */
		D1337755258DE43B005BF92F /* ProtocolOrientedProgramming */ = {
			isa = PBXNativeTarget;
			buildConfigurationList = D133776A258DE440005BF92F /* Build configuration list for PBXNativeTarget "ProtocolOrientedProgramming" */;
			buildPhases = (
				D1337752258DE43B005BF92F /* Sources */,
				D1337753258DE43B005BF92F /* Frameworks */,
				D1337754258DE43B005BF92F /* Resources */,
			);
			buildRules = (
			);
			dependencies = (
			);
			name = ProtocolOrientedProgramming;
			productName = ProtocolOrientedProgramming;
			productReference = D1337756258DE43B005BF92F /* ProtocolOrientedProgramming.app */;
			productType = "com.apple.product-type.application";
		};
/* End PBXNativeTarget section */

/* Begin PBXProject section */
		D133774E258DE43B005BF92F /* Project object */ = {
			isa = PBXProject;
			attributes = {
				LastSwiftUpdateCheck = 1220;
				LastUpgradeCheck = 1220;
				TargetAttributes = {
					D1337755258DE43B005BF92F = {
						CreatedOnToolsVersion = 12.2;
					};
				};
			};
			buildConfigurationList = D1337751258DE43B005BF92F /* Build configuration list for PBXProject "ProtocolOrientedProgramming" */;
			compatibilityVersion = "Xcode 9.3";
			developmentRegion = en;
			hasScannedForEncodings = 0;
			knownRegions = (
				en,
				Base,
			);
			mainGroup = D133774D258DE43B005BF92F;
			productRefGroup = D1337757258DE43B005BF92F /* Products */;
			projectDirPath = "";
			projectRoot = "";
			targets = (
				D1337755258DE43B005BF92F /* ProtocolOrientedProgramming */,
			);
		};
/* End PBXProject section */

/* Begin PBXResourcesBuildPhase section */
		D1337754258DE43B005BF92F /* Resources */ = {
			isa = PBXResourcesBuildPhase;
			buildActionMask = 2147483647;
			files = (
				D1337766258DE440005BF92F /* LaunchScreen.storyboard in Resources */,
				D1337763258DE440005BF92F /* Assets.xcassets in Resources */,
				D1337761258DE43B005BF92F /* Main.storyboard in Resources */,
			);
			runOnlyForDeploymentPostprocessing = 0;
		};
/* End PBXResourcesBuildPhase section */

/* Begin PBXSourcesBuildPhase section */
		D1337752258DE43B005BF92F /* Sources */ = {
			isa = PBXSourcesBuildPhase;
			buildActionMask = 2147483647;
			files = (
				D133775E258DE43B005BF92F /* ViewController.swift in Sources */,
				D133775A258DE43B005BF92F /* AppDelegate.swift in Sources */,
				D133775C258DE43B005BF92F /* SceneDelegate.swift in Sources */,
			);
			runOnlyForDeploymentPostprocessing = 0;
		};
/* End PBXSourcesBuildPhase section */

/* Begin PBXVariantGroup section */
		D133775F258DE43B005BF92F /* Main.storyboard */ = {
			isa = PBXVariantGroup;
			children = (
				D1337760258DE43B005BF92F /* Base */,
			);
			name = Main.storyboard;
			sourceTree = "<group>";
		};
		D1337764258DE440005BF92F /* LaunchScreen.storyboard */ = {
			isa = PBXVariantGroup;
			children = (
				D1337765258DE440005BF92F /* Base */,
			);
			name = LaunchScreen.storyboard;
			sourceTree = "<group>";
		};
/* End PBXVariantGroup section */

/* Begin XCBuildConfiguration section */
		D1337768258DE440005BF92F /* Debug */ = {
			isa = XCBuildConfiguration;
			buildSettings = {
				ALWAYS_SEARCH_USER_PATHS = NO;
				CLANG_ANALYZER_NONNULL = YES;
				CLANG_ANALYZER_NUMBER_OBJECT_CONVERSION = YES_AGGRESSIVE;
				CLANG_CXX_LANGUAGE_STANDARD = "gnu++14";
				CLANG_CXX_LIBRARY = "libc++";
				CLANG_ENABLE_MODULES = YES;
				CLANG_ENABLE_OBJC_ARC = YES;
				CLANG_ENABLE_OBJC_WEAK = YES;
				CLANG_WARN_BLOCK_CAPTURE_AUTORELEASING = YES;
				CLANG_WARN_BOOL_CONVERSION = YES;
				CLANG_WARN_COMMA = YES;
				CLANG_WARN_CONSTANT_CONVERSION = YES;
				CLANG_WARN_DEPRECATED_OBJC_IMPLEMENTATIONS = YES;
				CLANG_WARN_DIRECT_OBJC_ISA_USAGE = YES_ERROR;
				CLANG_WARN_DOCUMENTATION_COMMENTS = YES;
				CLANG_WARN_EMPTY_BODY = YES;
				CLANG_WARN_ENUM_CONVERSION = YES;
				CLANG_WARN_INFINITE_RECURSION = YES;
				CLANG_WARN_INT_CONVERSION = YES;
				CLANG_WARN_NON_LITERAL_NULL_CONVERSION = YES;
				CLANG_WARN_OBJC_IMPLICIT_RETAIN_SELF = YES;
				CLANG_WARN_OBJC_LITERAL_CONVERSION = YES;
				CLANG_WARN_OBJC_ROOT_CLASS = YES_ERROR;
				CLANG_WARN_QUOTED_INCLUDE_IN_FRAMEWORK_HEADER = YES;
				CLANG_WARN_RANGE_LOOP_ANALYSIS = YES;
				CLANG_WARN_STRICT_PROTOTYPES = YES;
				CLANG_WARN_SUSPICIOUS_MOVE = YES;
				CLANG_WARN_UNGUARDED_AVAILABILITY = YES_AGGRESSIVE;
				CLANG_WARN_UNREACHABLE_CODE = YES;
				CLANG_WARN__DUPLICATE_METHOD_MATCH = YES;
				COPY_PHASE_STRIP = NO;
				DEBUG_INFORMATION_FORMAT = dwarf;
				ENABLE_STRICT_OBJC_MSGSEND = YES;
				ENABLE_TESTABILITY = YES;
				GCC_C_LANGUAGE_STANDARD = gnu11;
				GCC_DYNAMIC_NO_PIC = NO;
				GCC_NO_COMMON_BLOCKS = YES;
				GCC_OPTIMIZATION_LEVEL = 0;
				GCC_PREPROCESSOR_DEFINITIONS = (
					"DEBUG=1",
					"$(inherited)",
				);
				GCC_WARN_64_TO_32_BIT_CONVERSION = YES;
				GCC_WARN_ABOUT_RETURN_TYPE = YES_ERROR;
				GCC_WARN_UNDECLARED_SELECTOR = YES;
				GCC_WARN_UNINITIALIZED_AUTOS = YES_AGGRESSIVE;
				GCC_WARN_UNUSED_FUNCTION = YES;
				GCC_WARN_UNUSED_VARIABLE = YES;
				IPHONEOS_DEPLOYMENT_TARGET = 14.2;
				MTL_ENABLE_DEBUG_INFO = INCLUDE_SOURCE;
				MTL_FAST_MATH = YES;
				ONLY_ACTIVE_ARCH = YES;
				SDKROOT = iphoneos;
				SWIFT_ACTIVE_COMPILATION_CONDITIONS = DEBUG;
				SWIFT_OPTIMIZATION_LEVEL = "-Onone";
			};
			name = Debug;
		};
		D1337769258DE440005BF92F /* Release */ = {
			isa = XCBuildConfiguration;
			buildSettings = {
				ALWAYS_SEARCH_USER_PATHS = NO;
				CLANG_ANALYZER_NONNULL = YES;
				CLANG_ANALYZER_NUMBER_OBJECT_CONVERSION = YES_AGGRESSIVE;
				CLANG_CXX_LANGUAGE_STANDARD = "gnu++14";
				CLANG_CXX_LIBRARY = "libc++";
				CLANG_ENABLE_MODULES = YES;
				CLANG_ENABLE_OBJC_ARC = YES;
				CLANG_ENABLE_OBJC_WEAK = YES;
				CLANG_WARN_BLOCK_CAPTURE_AUTORELEASING = YES;
				CLANG_WARN_BOOL_CONVERSION = YES;
				CLANG_WARN_COMMA = YES;
				CLANG_WARN_CONSTANT_CONVERSION = YES;
				CLANG_WARN_DEPRECATED_OBJC_IMPLEMENTATIONS = YES;
				CLANG_WARN_DIRECT_OBJC_ISA_USAGE = YES_ERROR;
				CLANG_WARN_DOCUMENTATION_COMMENTS = YES;
				CLANG_WARN_EMPTY_BODY = YES;
				CLANG_WARN_ENUM_CONVERSION = YES;
				CLANG_WARN_INFINITE_RECURSION = YES;
				CLANG_WARN_INT_CONVERSION = YES;
				CLANG_WARN_NON_LITERAL_NULL_CONVERSION = YES;
				CLANG_WARN_OBJC_IMPLICIT_RETAIN_SELF = YES;
				CLANG_WARN_OBJC_LITERAL_CONVERSION = YES;
				CLANG_WARN_OBJC_ROOT_CLASS = YES_ERROR;
				CLANG_WARN_QUOTED_INCLUDE_IN_FRAMEWORK_HEADER = YES;
				CLANG_WARN_RANGE_LOOP_ANALYSIS = YES;
				CLANG_WARN_STRICT_PROTOTYPES = YES;
				CLANG_WARN_SUSPICIOUS_MOVE = YES;
				CLANG_WARN_UNGUARDED_AVAILABILITY = YES_AGGRESSIVE;
				CLANG_WARN_UNREACHABLE_CODE = YES;
				CLANG_WARN__DUPLICATE_METHOD_MATCH = YES;
				COPY_PHASE_STRIP = NO;
				DEBUG_INFORMATION_FORMAT = "dwarf-with-dsym";
				ENABLE_NS_ASSERTIONS = NO;
				ENABLE_STRICT_OBJC_MSGSEND = YES;
				GCC_C_LANGUAGE_STANDARD = gnu11;
				GCC_NO_COMMON_BLOCKS = YES;
				GCC_WARN_64_TO_32_BIT_CONVERSION = YES;
				GCC_WARN_ABOUT_RETURN_TYPE = YES_ERROR;
				GCC_WARN_UNDECLARED_SELECTOR = YES;
				GCC_WARN_UNINITIALIZED_AUTOS = YES_AGGRESSIVE;
				GCC_WARN_UNUSED_FUNCTION = YES;
				GCC_WARN_UNUSED_VARIABLE = YES;
				IPHONEOS_DEPLOYMENT_TARGET = 14.2;
				MTL_ENABLE_DEBUG_INFO = NO;
				MTL_FAST_MATH = YES;
				SDKROOT = iphoneos;
				SWIFT_COMPILATION_MODE = wholemodule;
				SWIFT_OPTIMIZATION_LEVEL = "-O";
				VALIDATE_PRODUCT = YES;
			};
			name = Release;
		};
		D133776B258DE440005BF92F /* Debug */ = {
			isa = XCBuildConfiguration;
			buildSettings = {
				ASSETCATALOG_COMPILER_APPICON_NAME = AppIcon;
				ASSETCATALOG_COMPILER_GLOBAL_ACCENT_COLOR_NAME = AccentColor;
				CODE_SIGN_STYLE = Automatic;
				DEVELOPMENT_TEAM = 36BC59Q598;
				INFOPLIST_FILE = ProtocolOrientedProgramming/Info.plist;
				LD_RUNPATH_SEARCH_PATHS = (
					"$(inherited)",
					"@executable_path/Frameworks",
				);
				PRODUCT_BUNDLE_IDENTIFIER = oh.ProtocolOrientedProgramming;
				PRODUCT_NAME = "$(TARGET_NAME)";
				SWIFT_VERSION = 5.0;
				TARGETED_DEVICE_FAMILY = "1,2";
			};
			name = Debug;
		};
		D133776C258DE440005BF92F /* Release */ = {
			isa = XCBuildConfiguration;
			buildSettings = {
				ASSETCATALOG_COMPILER_APPICON_NAME = AppIcon;
				ASSETCATALOG_COMPILER_GLOBAL_ACCENT_COLOR_NAME = AccentColor;
				CODE_SIGN_STYLE = Automatic;
				DEVELOPMENT_TEAM = 36BC59Q598;
				INFOPLIST_FILE = ProtocolOrientedProgramming/Info.plist;
				LD_RUNPATH_SEARCH_PATHS = (
					"$(inherited)",
					"@executable_path/Frameworks",
				);
				PRODUCT_BUNDLE_IDENTIFIER = oh.ProtocolOrientedProgramming;
				PRODUCT_NAME = "$(TARGET_NAME)";
				SWIFT_VERSION = 5.0;
				TARGETED_DEVICE_FAMILY = "1,2";
			};
			name = Release;
		};
/* End XCBuildConfiguration section */

/* Begin XCConfigurationList section */
		D1337751258DE43B005BF92F /* Build configuration list for PBXProject "ProtocolOrientedProgramming" */ = {
			isa = XCConfigurationList;
			buildConfigurations = (
				D1337768258DE440005BF92F /* Debug */,
				D1337769258DE440005BF92F /* Release */,
			);
			defaultConfigurationIsVisible = 0;
			defaultConfigurationName = Release;
		};
		D133776A258DE440005BF92F /* Build configuration list for PBXNativeTarget "ProtocolOrientedProgramming" */ = {
			isa = XCConfigurationList;
			buildConfigurations = (
				D133776B258DE440005BF92F /* Debug */,
				D133776C258DE440005BF92F /* Release */,
			);
			defaultConfigurationIsVisible = 0;
			defaultConfigurationName = Release;
		};
/* End XCConfigurationList section */
	};
	rootObject = D133774E258DE43B005BF92F /* Project object */;
}
